
Microsoft Visual Studio Solution File, Format Version 12.00
# Visual Studio Version 16
VisualStudioVersion = 16.0.28803.156
MinimumVisualStudioVersion = 10.0.40219.1
Project("{FAE04EC0-301F-11D3-BF4B-00C04F79EFBC}") = "EFCore.Models", "EFCore.models\EFCore.Models.csproj", "{EBAFC642-483E-4131-9153-C31162FA25D3}"
EndProject
Project("{FAE04EC0-301F-11D3-BF4B-00C04F79EFBC}") = "EFCore.Data", "EFCore.Data\EFCore.Data.csproj", "{A564C39B-2E99-4747-993D-2A22AAD6D4B2}"
EndProject
Global
	GlobalSection(SolutionConfigurationPlatforms) = preSolution
		Debug|Any CPU = Debug|Any CPU
		Release|Any CPU = Release|Any CPU
	EndGlobalSection
	GlobalSection(ProjectConfigurationPlatforms) = postSolution
		{EBAFC642-483E-4131-9153-C31162FA25D3}.Debug|Any CPU.ActiveCfg = Debug|Any CPU
		{EBAFC642-483E-4131-9153-C31162FA25D3}.Debug|Any CPU.Build.0 = Debug|Any CPU
		{EBAFC642-483E-4131-9153-C31162FA25D3}.Release|Any CPU.ActiveCfg = Release|Any CPU
		{EBAFC642-483E-4131-9153-C31162FA25D3}.Release|Any CPU.Build.0 = Release|Any CPU
		{A564C39B-2E99-4747-993D-2A22AAD6D4B2}.Debug|Any CPU.ActiveCfg = Debug|Any CPU
		{A564C39B-2E99-4747-993D-2A22AAD6D4B2}.Debug|Any CPU.Build.0 = Debug|Any CPU
		{A564C39B-2E99-4747-993D-2A22AAD6D4B2}.Release|Any CPU.ActiveCfg = Release|Any CPU
		{A564C39B-2E99-4747-993D-2A22AAD6D4B2}.Release|Any CPU.Build.0 = Release|Any CPU
	EndGlobalSection
	GlobalSection(SolutionProperties) = preSolution
		HideSolutionNode = FALSE
	EndGlobalSection
	GlobalSection(ExtensibilityGlobals) = postSolution
		SolutionGuid = {3B790785-EE9A-4BE0-8079-2D6A5A7FF8B2}
	EndGlobalSection
EndGlobal
