
Microsoft Visual Studio Solution File, Format Version 12.00
# Visual Studio Version 16
VisualStudioVersion = 16.0.29424.173
MinimumVisualStudioVersion = 10.0.40219.1
Project("{FAE04EC0-301F-11D3-BF4B-00C04F79EFBC}") = "FS", "FS\FS.csproj", "{DD135DA0-58EF-4BBB-8928-BFFA778B901B}"
EndProject
Project("{FAE04EC0-301F-11D3-BF4B-00C04F79EFBC}") = "JM", "JM\JM.csproj", "{6F585B83-E7AA-43B8-8836-73DE327488CA}"
EndProject
Global
	GlobalSection(SolutionConfigurationPlatforms) = preSolution
		Debug|Any CPU = Debug|Any CPU
		Release|Any CPU = Release|Any CPU
	EndGlobalSection
	GlobalSection(ProjectConfigurationPlatforms) = postSolution
		{DD135DA0-58EF-4BBB-8928-BFFA778B901B}.Debug|Any CPU.ActiveCfg = Debug|Any CPU
		{DD135DA0-58EF-4BBB-8928-BFFA778B901B}.Debug|Any CPU.Build.0 = Debug|Any CPU
		{DD135DA0-58EF-4BBB-8928-BFFA778B901B}.Release|Any CPU.ActiveCfg = Release|Any CPU
		{DD135DA0-58EF-4BBB-8928-BFFA778B901B}.Release|Any CPU.Build.0 = Release|Any CPU
		{6F585B83-E7AA-43B8-8836-73DE327488CA}.Debug|Any CPU.ActiveCfg = Debug|Any CPU
		{6F585B83-E7AA-43B8-8836-73DE327488CA}.Debug|Any CPU.Build.0 = Debug|Any CPU
		{6F585B83-E7AA-43B8-8836-73DE327488CA}.Release|Any CPU.ActiveCfg = Release|Any CPU
		{6F585B83-E7AA-43B8-8836-73DE327488CA}.Release|Any CPU.Build.0 = Release|Any CPU
	EndGlobalSection
	GlobalSection(SolutionProperties) = preSolution
		HideSolutionNode = FALSE
	EndGlobalSection
	GlobalSection(ExtensibilityGlobals) = postSolution
		SolutionGuid = {24CB0B37-7F0D-4526-AB4F-485E818C64A2}
	EndGlobalSection
EndGlobal
